
Microsoft Visual Studio Solution File, Format Version 12.00
# Visual Studio Version 16
VisualStudioVersion = 16.0.29102.190
MinimumVisualStudioVersion = 10.0.40219.1
Project("{FAE04EC0-301F-11D3-BF4B-00C04F79EFBC}") = "Core", "Core\Core.csproj", "{573FE16A-BA4E-44F2-A86D-E5273580251F}"
EndProject
Project("{FAE04EC0-301F-11D3-BF4B-00C04F79EFBC}") = "PlanSearch", "PlanSearch\PlanSearch.csproj", "{1023237A-7FBE-43CD-A610-87A97F2EBE0A}"
EndProject
Project("{FAE04EC0-301F-11D3-BF4B-00C04F79EFBC}") = "CofinanceSearch", "CofinanceSearch\CofinanceSearch.csproj", "{D2CEC9AB-10F4-4597-9FB5-2C33C14C4A4F}"
EndProject
Project("{FAE04EC0-301F-11D3-BF4B-00C04F79EFBC}") = "ChannelsRestoration", "ChannelsRestoration\ChannelsRestoration.csproj", "{47E465D1-341F-480A-9F5F-166A39C32A79}"
EndProject
Project("{FAE04EC0-301F-11D3-BF4B-00C04F79EFBC}") = "ChannelsEditor", "ChannelsEditor\ChannelsEditor.csproj", "{A5188C42-268E-4165-A097-03B536BD28FE}"
EndProject
Project("{FAE04EC0-301F-11D3-BF4B-00C04F79EFBC}") = "FlowNetwork", "FlowNetwork\FlowNetwork.csproj", "{7E93A280-F3B0-449B-BC54-ED3F7DA55E31}"
EndProject
Project("{FAE04EC0-301F-11D3-BF4B-00C04F79EFBC}") = "CGDirectionsVisualizer", "ChannelsDirectionResearch\CGDirectionsVisualizer.csproj", "{FF9910EF-758C-430C-9597-6A05971FFE52}"
EndProject
Project("{FAE04EC0-301F-11D3-BF4B-00C04F79EFBC}") = "CGDirectionsNormalizer", "CGDirectionsNormalizer\CGDirectionsNormalizer.csproj", "{8A17D4AA-C88B-4B7E-991B-97A31D100278}"
EndProject
Project("{FAE04EC0-301F-11D3-BF4B-00C04F79EFBC}") = "EfficiencyDiffChecker", "EfficiencyDiffChecker\EfficiencyDiffChecker.csproj", "{D671905C-03D8-434F-916D-8DBE4A4D71B0}"
EndProject
Project("{FAE04EC0-301F-11D3-BF4B-00C04F79EFBC}") = "FloodmapsVisualizer", "FloodmapsVisualizer\FloodmapsVisualizer.csproj", "{F33AADA8-21D1-4327-B2F5-405D6E378BFC}"
EndProject
Global
	GlobalSection(SolutionConfigurationPlatforms) = preSolution
		Debug|Any CPU = Debug|Any CPU
		Release|Any CPU = Release|Any CPU
	EndGlobalSection
	GlobalSection(ProjectConfigurationPlatforms) = postSolution
		{573FE16A-BA4E-44F2-A86D-E5273580251F}.Debug|Any CPU.ActiveCfg = Debug|Any CPU
		{573FE16A-BA4E-44F2-A86D-E5273580251F}.Debug|Any CPU.Build.0 = Debug|Any CPU
		{573FE16A-BA4E-44F2-A86D-E5273580251F}.Release|Any CPU.ActiveCfg = Release|Any CPU
		{573FE16A-BA4E-44F2-A86D-E5273580251F}.Release|Any CPU.Build.0 = Release|Any CPU
		{1023237A-7FBE-43CD-A610-87A97F2EBE0A}.Debug|Any CPU.ActiveCfg = Debug|Any CPU
		{1023237A-7FBE-43CD-A610-87A97F2EBE0A}.Debug|Any CPU.Build.0 = Debug|Any CPU
		{1023237A-7FBE-43CD-A610-87A97F2EBE0A}.Release|Any CPU.ActiveCfg = Release|Any CPU
		{1023237A-7FBE-43CD-A610-87A97F2EBE0A}.Release|Any CPU.Build.0 = Release|Any CPU
		{D2CEC9AB-10F4-4597-9FB5-2C33C14C4A4F}.Debug|Any CPU.ActiveCfg = Debug|Any CPU
		{D2CEC9AB-10F4-4597-9FB5-2C33C14C4A4F}.Debug|Any CPU.Build.0 = Debug|Any CPU
		{D2CEC9AB-10F4-4597-9FB5-2C33C14C4A4F}.Release|Any CPU.ActiveCfg = Release|Any CPU
		{D2CEC9AB-10F4-4597-9FB5-2C33C14C4A4F}.Release|Any CPU.Build.0 = Release|Any CPU
		{47E465D1-341F-480A-9F5F-166A39C32A79}.Debug|Any CPU.ActiveCfg = Debug|Any CPU
		{47E465D1-341F-480A-9F5F-166A39C32A79}.Debug|Any CPU.Build.0 = Debug|Any CPU
		{47E465D1-341F-480A-9F5F-166A39C32A79}.Release|Any CPU.ActiveCfg = Release|Any CPU
		{47E465D1-341F-480A-9F5F-166A39C32A79}.Release|Any CPU.Build.0 = Release|Any CPU
		{A5188C42-268E-4165-A097-03B536BD28FE}.Debug|Any CPU.ActiveCfg = Debug|Any CPU
		{A5188C42-268E-4165-A097-03B536BD28FE}.Debug|Any CPU.Build.0 = Debug|Any CPU
		{A5188C42-268E-4165-A097-03B536BD28FE}.Release|Any CPU.ActiveCfg = Release|Any CPU
		{A5188C42-268E-4165-A097-03B536BD28FE}.Release|Any CPU.Build.0 = Release|Any CPU
		{7E93A280-F3B0-449B-BC54-ED3F7DA55E31}.Debug|Any CPU.ActiveCfg = Debug|Any CPU
		{7E93A280-F3B0-449B-BC54-ED3F7DA55E31}.Debug|Any CPU.Build.0 = Debug|Any CPU
		{7E93A280-F3B0-449B-BC54-ED3F7DA55E31}.Release|Any CPU.ActiveCfg = Release|Any CPU
		{7E93A280-F3B0-449B-BC54-ED3F7DA55E31}.Release|Any CPU.Build.0 = Release|Any CPU
		{FF9910EF-758C-430C-9597-6A05971FFE52}.Debug|Any CPU.ActiveCfg = Debug|Any CPU
		{FF9910EF-758C-430C-9597-6A05971FFE52}.Debug|Any CPU.Build.0 = Debug|Any CPU
		{FF9910EF-758C-430C-9597-6A05971FFE52}.Release|Any CPU.ActiveCfg = Release|Any CPU
		{FF9910EF-758C-430C-9597-6A05971FFE52}.Release|Any CPU.Build.0 = Release|Any CPU
		{8A17D4AA-C88B-4B7E-991B-97A31D100278}.Debug|Any CPU.ActiveCfg = Debug|Any CPU
		{8A17D4AA-C88B-4B7E-991B-97A31D100278}.Debug|Any CPU.Build.0 = Debug|Any CPU
		{8A17D4AA-C88B-4B7E-991B-97A31D100278}.Release|Any CPU.ActiveCfg = Release|Any CPU
		{8A17D4AA-C88B-4B7E-991B-97A31D100278}.Release|Any CPU.Build.0 = Release|Any CPU
		{D671905C-03D8-434F-916D-8DBE4A4D71B0}.Debug|Any CPU.ActiveCfg = Debug|Any CPU
		{D671905C-03D8-434F-916D-8DBE4A4D71B0}.Debug|Any CPU.Build.0 = Debug|Any CPU
		{D671905C-03D8-434F-916D-8DBE4A4D71B0}.Release|Any CPU.ActiveCfg = Release|Any CPU
		{D671905C-03D8-434F-916D-8DBE4A4D71B0}.Release|Any CPU.Build.0 = Release|Any CPU
		{F33AADA8-21D1-4327-B2F5-405D6E378BFC}.Debug|Any CPU.ActiveCfg = Debug|Any CPU
		{F33AADA8-21D1-4327-B2F5-405D6E378BFC}.Debug|Any CPU.Build.0 = Debug|Any CPU
		{F33AADA8-21D1-4327-B2F5-405D6E378BFC}.Release|Any CPU.ActiveCfg = Release|Any CPU
		{F33AADA8-21D1-4327-B2F5-405D6E378BFC}.Release|Any CPU.Build.0 = Release|Any CPU
	EndGlobalSection
	GlobalSection(SolutionProperties) = preSolution
		HideSolutionNode = FALSE
	EndGlobalSection
	GlobalSection(ExtensibilityGlobals) = postSolution
		SolutionGuid = {F4C3BDF0-270A-4544-B074-6E5ED5F10ACB}
	EndGlobalSection
EndGlobal
