
Microsoft Visual Studio Solution File, Format Version 12.00
# Visual Studio 15
VisualStudioVersion = 15.0.28307.421
MinimumVisualStudioVersion = 10.0.40219.1
Project("{FAE04EC0-301F-11D3-BF4B-00C04F79EFBC}") = "Core", "Core\Core.csproj", "{573FE16A-BA4E-44F2-A86D-E5273580251F}"
EndProject
Project("{FAE04EC0-301F-11D3-BF4B-00C04F79EFBC}") = "PlanSearch", "PlanSearch\PlanSearch.csproj", "{1023237A-7FBE-43CD-A610-87A97F2EBE0A}"
EndProject
Project("{FAE04EC0-301F-11D3-BF4B-00C04F79EFBC}") = "CofinanceSearch", "CofinanceSearch\CofinanceSearch.csproj", "{D2CEC9AB-10F4-4597-9FB5-2C33C14C4A4F}"
EndProject
Global
	GlobalSection(SolutionConfigurationPlatforms) = preSolution
		Debug|Any CPU = Debug|Any CPU
		Release|Any CPU = Release|Any CPU
	EndGlobalSection
	GlobalSection(ProjectConfigurationPlatforms) = postSolution
		{573FE16A-BA4E-44F2-A86D-E5273580251F}.Debug|Any CPU.ActiveCfg = Debug|Any CPU
		{573FE16A-BA4E-44F2-A86D-E5273580251F}.Debug|Any CPU.Build.0 = Debug|Any CPU
		{573FE16A-BA4E-44F2-A86D-E5273580251F}.Release|Any CPU.ActiveCfg = Release|Any CPU
		{573FE16A-BA4E-44F2-A86D-E5273580251F}.Release|Any CPU.Build.0 = Release|Any CPU
		{1023237A-7FBE-43CD-A610-87A97F2EBE0A}.Debug|Any CPU.ActiveCfg = Debug|Any CPU
		{1023237A-7FBE-43CD-A610-87A97F2EBE0A}.Debug|Any CPU.Build.0 = Debug|Any CPU
		{1023237A-7FBE-43CD-A610-87A97F2EBE0A}.Release|Any CPU.ActiveCfg = Release|Any CPU
		{1023237A-7FBE-43CD-A610-87A97F2EBE0A}.Release|Any CPU.Build.0 = Release|Any CPU
		{D2CEC9AB-10F4-4597-9FB5-2C33C14C4A4F}.Debug|Any CPU.ActiveCfg = Debug|Any CPU
		{D2CEC9AB-10F4-4597-9FB5-2C33C14C4A4F}.Debug|Any CPU.Build.0 = Debug|Any CPU
		{D2CEC9AB-10F4-4597-9FB5-2C33C14C4A4F}.Release|Any CPU.ActiveCfg = Release|Any CPU
		{D2CEC9AB-10F4-4597-9FB5-2C33C14C4A4F}.Release|Any CPU.Build.0 = Release|Any CPU
	EndGlobalSection
	GlobalSection(SolutionProperties) = preSolution
		HideSolutionNode = FALSE
	EndGlobalSection
	GlobalSection(ExtensibilityGlobals) = postSolution
		SolutionGuid = {F4C3BDF0-270A-4544-B074-6E5ED5F10ACB}
	EndGlobalSection
EndGlobal
